// !$*UTF8*$!
{
	archiveVersion = 1;
	classes = {
	};
	objectVersion = 56;
	objects = {

/* Begin PBXBuildFile section */
		D4267D5E2B853B48005D35D9 /* DataModel.swift in Sources */ = {isa = PBXBuildFile; fileRef = D4267D5D2B853B48005D35D9 /* DataModel.swift */; };
		D4267D612B853E7C005D35D9 /* SwiftSoup in Frameworks */ = {isa = PBXBuildFile; productRef = D4267D602B853E7C005D35D9 /* SwiftSoup */; };
		D4267D632B85404F005D35D9 /* CardView.swift in Sources */ = {isa = PBXBuildFile; fileRef = D4267D622B85404F005D35D9 /* CardView.swift */; };
		D4267D652B8542E9005D35D9 /* GridView.swift in Sources */ = {isa = PBXBuildFile; fileRef = D4267D642B8542E9005D35D9 /* GridView.swift */; };
		D4267D892B85697E005D35D9 /* PreviewItem.swift in Sources */ = {isa = PBXBuildFile; fileRef = D4267D882B85697E005D35D9 /* PreviewItem.swift */; };
		D4267D8B2B85699F005D35D9 /* QLPreviewControllerWrapper.swift in Sources */ = {isa = PBXBuildFile; fileRef = D4267D8A2B85699F005D35D9 /* QLPreviewControllerWrapper.swift */; };
		D4267D8D2B856B9B005D35D9 /* PreviewItemDataSource.swift in Sources */ = {isa = PBXBuildFile; fileRef = D4267D8C2B856B9B005D35D9 /* PreviewItemDataSource.swift */; };
		D4267D902B8573BE005D35D9 /* SafariView.swift in Sources */ = {isa = PBXBuildFile; fileRef = D4267D8F2B8573BD005D35D9 /* SafariView.swift */; };
		D4267D922B8578DC005D35D9 /* AppModel.swift in Sources */ = {isa = PBXBuildFile; fileRef = D4267D912B8578DC005D35D9 /* AppModel.swift */; };
		D4267D942B85836B005D35D9 /* DataFetcher.swift in Sources */ = {isa = PBXBuildFile; fileRef = D4267D932B85836B005D35D9 /* DataFetcher.swift */; };
		D4267D962B858FBC005D35D9 /* LovedView.swift in Sources */ = {isa = PBXBuildFile; fileRef = D4267D952B858FBC005D35D9 /* LovedView.swift */; };
		D4267D982B8662EC005D35D9 /* WebView.swift in Sources */ = {isa = PBXBuildFile; fileRef = D4267D972B8662EC005D35D9 /* WebView.swift */; };
		D4267D9B2B8697BA005D35D9 /* ARQLView.swift in Sources */ = {isa = PBXBuildFile; fileRef = D4267D9A2B8697BA005D35D9 /* ARQLView.swift */; };
		D4267D9D2B86BC43005D35D9 /* TestView.swift in Sources */ = {isa = PBXBuildFile; fileRef = D4267D9C2B86BC43005D35D9 /* TestView.swift */; };
		D4267DA12B86C10D005D35D9 /* robot_walk_idle.usdz in Resources */ = {isa = PBXBuildFile; fileRef = D4267DA02B86C0F5005D35D9 /* robot_walk_idle.usdz */; };
		D48580CE2B85365F00542BCB /* RealityKitContent in Frameworks */ = {isa = PBXBuildFile; productRef = D48580CD2B85365F00542BCB /* RealityKitContent */; };
		D48580D02B85365F00542BCB /* Beautiful_ThingsApp.swift in Sources */ = {isa = PBXBuildFile; fileRef = D48580CF2B85365F00542BCB /* Beautiful_ThingsApp.swift */; };
		D48580D22B85365F00542BCB /* ContentView.swift in Sources */ = {isa = PBXBuildFile; fileRef = D48580D12B85365F00542BCB /* ContentView.swift */; };
		D48580D42B85365F00542BCB /* ImmersiveView.swift in Sources */ = {isa = PBXBuildFile; fileRef = D48580D32B85365F00542BCB /* ImmersiveView.swift */; };
		D48580D62B85365F00542BCB /* ImageBasedLighting.skybox in Resources */ = {isa = PBXBuildFile; fileRef = D48580D52B85365F00542BCB /* ImageBasedLighting.skybox */; };
		D48580D82B85366000542BCB /* Assets.xcassets in Resources */ = {isa = PBXBuildFile; fileRef = D48580D72B85366000542BCB /* Assets.xcassets */; };
		D48580DB2B85366000542BCB /* Preview Assets.xcassets in Resources */ = {isa = PBXBuildFile; fileRef = D48580DA2B85366000542BCB /* Preview Assets.xcassets */; };
		D48580E32B85388500542BCB /* NavigationView.swift in Sources */ = {isa = PBXBuildFile; fileRef = D48580E22B85388500542BCB /* NavigationView.swift */; };
		D4B70A9E2B87D77C00419269 /* MainView.swift in Sources */ = {isa = PBXBuildFile; fileRef = D4B70A9D2B87D77C00419269 /* MainView.swift */; };
		D4B70AA02B87D7C000419269 /* SearchView.swift in Sources */ = {isa = PBXBuildFile; fileRef = D4B70A9F2B87D7C000419269 /* SearchView.swift */; };
/* End PBXBuildFile section */

/* Begin PBXFileReference section */
		D4267D5D2B853B48005D35D9 /* DataModel.swift */ = {isa = PBXFileReference; lastKnownFileType = sourcecode.swift; path = DataModel.swift; sourceTree = "<group>"; };
		D4267D622B85404F005D35D9 /* CardView.swift */ = {isa = PBXFileReference; lastKnownFileType = sourcecode.swift; path = CardView.swift; sourceTree = "<group>"; };
		D4267D642B8542E9005D35D9 /* GridView.swift */ = {isa = PBXFileReference; lastKnownFileType = sourcecode.swift; path = GridView.swift; sourceTree = "<group>"; };
		D4267D882B85697E005D35D9 /* PreviewItem.swift */ = {isa = PBXFileReference; lastKnownFileType = sourcecode.swift; path = PreviewItem.swift; sourceTree = "<group>"; };
		D4267D8A2B85699F005D35D9 /* QLPreviewControllerWrapper.swift */ = {isa = PBXFileReference; lastKnownFileType = sourcecode.swift; path = QLPreviewControllerWrapper.swift; sourceTree = "<group>"; };
		D4267D8C2B856B9B005D35D9 /* PreviewItemDataSource.swift */ = {isa = PBXFileReference; lastKnownFileType = sourcecode.swift; path = PreviewItemDataSource.swift; sourceTree = "<group>"; };
		D4267D8F2B8573BD005D35D9 /* SafariView.swift */ = {isa = PBXFileReference; lastKnownFileType = sourcecode.swift; path = SafariView.swift; sourceTree = "<group>"; };
		D4267D912B8578DC005D35D9 /* AppModel.swift */ = {isa = PBXFileReference; lastKnownFileType = sourcecode.swift; path = AppModel.swift; sourceTree = "<group>"; };
		D4267D932B85836B005D35D9 /* DataFetcher.swift */ = {isa = PBXFileReference; lastKnownFileType = sourcecode.swift; path = DataFetcher.swift; sourceTree = "<group>"; };
		D4267D952B858FBC005D35D9 /* LovedView.swift */ = {isa = PBXFileReference; lastKnownFileType = sourcecode.swift; path = LovedView.swift; sourceTree = "<group>"; };
		D4267D972B8662EC005D35D9 /* WebView.swift */ = {isa = PBXFileReference; lastKnownFileType = sourcecode.swift; path = WebView.swift; sourceTree = "<group>"; };
		D4267D9A2B8697BA005D35D9 /* ARQLView.swift */ = {isa = PBXFileReference; lastKnownFileType = sourcecode.swift; path = ARQLView.swift; sourceTree = "<group>"; };
		D4267D9C2B86BC43005D35D9 /* TestView.swift */ = {isa = PBXFileReference; lastKnownFileType = sourcecode.swift; path = TestView.swift; sourceTree = "<group>"; };
		D4267DA02B86C0F5005D35D9 /* robot_walk_idle.usdz */ = {isa = PBXFileReference; lastKnownFileType = file.usdz; path = robot_walk_idle.usdz; sourceTree = "<group>"; };
		D48580C82B85365F00542BCB /* Beautiful Things.app */ = {isa = PBXFileReference; explicitFileType = wrapper.application; includeInIndex = 0; path = "Beautiful Things.app"; sourceTree = BUILT_PRODUCTS_DIR; };
		D48580CC2B85365F00542BCB /* RealityKitContent */ = {isa = PBXFileReference; lastKnownFileType = wrapper; path = RealityKitContent; sourceTree = "<group>"; };
		D48580CF2B85365F00542BCB /* Beautiful_ThingsApp.swift */ = {isa = PBXFileReference; lastKnownFileType = sourcecode.swift; path = Beautiful_ThingsApp.swift; sourceTree = "<group>"; };
		D48580D12B85365F00542BCB /* ContentView.swift */ = {isa = PBXFileReference; lastKnownFileType = sourcecode.swift; path = ContentView.swift; sourceTree = "<group>"; };
		D48580D32B85365F00542BCB /* ImmersiveView.swift */ = {isa = PBXFileReference; lastKnownFileType = sourcecode.swift; path = ImmersiveView.swift; sourceTree = "<group>"; };
		D48580D52B85365F00542BCB /* ImageBasedLighting.skybox */ = {isa = PBXFileReference; lastKnownFileType = file.skybox; path = ImageBasedLighting.skybox; sourceTree = "<group>"; };
		D48580D72B85366000542BCB /* Assets.xcassets */ = {isa = PBXFileReference; lastKnownFileType = folder.assetcatalog; path = Assets.xcassets; sourceTree = "<group>"; };
		D48580DA2B85366000542BCB /* Preview Assets.xcassets */ = {isa = PBXFileReference; lastKnownFileType = folder.assetcatalog; path = "Preview Assets.xcassets"; sourceTree = "<group>"; };
		D48580DC2B85366000542BCB /* Info.plist */ = {isa = PBXFileReference; lastKnownFileType = text.plist.xml; path = Info.plist; sourceTree = "<group>"; };
		D48580E22B85388500542BCB /* NavigationView.swift */ = {isa = PBXFileReference; lastKnownFileType = sourcecode.swift; path = NavigationView.swift; sourceTree = "<group>"; };
		D4B70A9D2B87D77C00419269 /* MainView.swift */ = {isa = PBXFileReference; lastKnownFileType = sourcecode.swift; path = MainView.swift; sourceTree = "<group>"; };
		D4B70A9F2B87D7C000419269 /* SearchView.swift */ = {isa = PBXFileReference; lastKnownFileType = sourcecode.swift; path = SearchView.swift; sourceTree = "<group>"; };
/* End PBXFileReference section */

/* Begin PBXFrameworksBuildPhase section */
		D48580C52B85365F00542BCB /* Frameworks */ = {
			isa = PBXFrameworksBuildPhase;
			buildActionMask = 2147483647;
			files = (
				D48580CE2B85365F00542BCB /* RealityKitContent in Frameworks */,
				D4267D612B853E7C005D35D9 /* SwiftSoup in Frameworks */,
			);
			runOnlyForDeploymentPostprocessing = 0;
		};
/* End PBXFrameworksBuildPhase section */

/* Begin PBXGroup section */
		D4267D872B85696B005D35D9 /* QuickLook */ = {
			isa = PBXGroup;
			children = (
				D4267D9A2B8697BA005D35D9 /* ARQLView.swift */,
				D4267D882B85697E005D35D9 /* PreviewItem.swift */,
				D4267D8A2B85699F005D35D9 /* QLPreviewControllerWrapper.swift */,
				D4267D8C2B856B9B005D35D9 /* PreviewItemDataSource.swift */,
			);
			path = QuickLook;
			sourceTree = "<group>";
		};
		D4267D8E2B8573AE005D35D9 /* Safari */ = {
			isa = PBXGroup;
			children = (
				D4267D8F2B8573BD005D35D9 /* SafariView.swift */,
				D4267D972B8662EC005D35D9 /* WebView.swift */,
				D4267D9C2B86BC43005D35D9 /* TestView.swift */,
			);
			path = Safari;
			sourceTree = "<group>";
		};
		D48580BF2B85365F00542BCB = {
			isa = PBXGroup;
			children = (
				D48580CA2B85365F00542BCB /* Beautiful Things */,
				D4267DA02B86C0F5005D35D9 /* robot_walk_idle.usdz */,
				D48580CB2B85365F00542BCB /* Packages */,
				D48580C92B85365F00542BCB /* Products */,
			);
			sourceTree = "<group>";
		};
		D48580C92B85365F00542BCB /* Products */ = {
			isa = PBXGroup;
			children = (
				D48580C82B85365F00542BCB /* Beautiful Things.app */,
			);
			name = Products;
			sourceTree = "<group>";
		};
		D48580CA2B85365F00542BCB /* Beautiful Things */ = {
			isa = PBXGroup;
			children = (
				D48580CF2B85365F00542BCB /* Beautiful_ThingsApp.swift */,
				D4B70A9D2B87D77C00419269 /* MainView.swift */,
				D4B70A9F2B87D7C000419269 /* SearchView.swift */,
				D4267D912B8578DC005D35D9 /* AppModel.swift */,
				D48580D12B85365F00542BCB /* ContentView.swift */,
				D48580E22B85388500542BCB /* NavigationView.swift */,
				D4267D642B8542E9005D35D9 /* GridView.swift */,
				D4267D622B85404F005D35D9 /* CardView.swift */,
				D4267D952B858FBC005D35D9 /* LovedView.swift */,
				D4267D5D2B853B48005D35D9 /* DataModel.swift */,
				D4267D932B85836B005D35D9 /* DataFetcher.swift */,
				D48580D32B85365F00542BCB /* ImmersiveView.swift */,
				D4267D8E2B8573AE005D35D9 /* Safari */,
				D4267D872B85696B005D35D9 /* QuickLook */,
				D48580D52B85365F00542BCB /* ImageBasedLighting.skybox */,
				D48580D72B85366000542BCB /* Assets.xcassets */,
				D48580DC2B85366000542BCB /* Info.plist */,
				D48580D92B85366000542BCB /* Preview Content */,
			);
			path = "Beautiful Things";
			sourceTree = "<group>";
		};
		D48580CB2B85365F00542BCB /* Packages */ = {
			isa = PBXGroup;
			children = (
				D48580CC2B85365F00542BCB /* RealityKitContent */,
			);
			path = Packages;
			sourceTree = "<group>";
		};
		D48580D92B85366000542BCB /* Preview Content */ = {
			isa = PBXGroup;
			children = (
				D48580DA2B85366000542BCB /* Preview Assets.xcassets */,
			);
			path = "Preview Content";
			sourceTree = "<group>";
		};
/* End PBXGroup section */

/* Begin PBXNativeTarget section */
		D48580C72B85365F00542BCB /* Beautiful Things */ = {
			isa = PBXNativeTarget;
			buildConfigurationList = D48580DF2B85366000542BCB /* Build configuration list for PBXNativeTarget "Beautiful Things" */;
			buildPhases = (
				D48580C42B85365F00542BCB /* Sources */,
				D48580C52B85365F00542BCB /* Frameworks */,
				D48580C62B85365F00542BCB /* Resources */,
			);
			buildRules = (
			);
			dependencies = (
			);
			name = "Beautiful Things";
			packageProductDependencies = (
				D48580CD2B85365F00542BCB /* RealityKitContent */,
				D4267D602B853E7C005D35D9 /* SwiftSoup */,
			);
			productName = "Beautiful Things";
			productReference = D48580C82B85365F00542BCB /* Beautiful Things.app */;
			productType = "com.apple.product-type.application";
		};
/* End PBXNativeTarget section */

/* Begin PBXProject section */
		D48580C02B85365F00542BCB /* Project object */ = {
			isa = PBXProject;
			attributes = {
				BuildIndependentTargetsInParallel = 1;
				LastSwiftUpdateCheck = 1520;
				LastUpgradeCheck = 1520;
				TargetAttributes = {
					D48580C72B85365F00542BCB = {
						CreatedOnToolsVersion = 15.2;
					};
				};
			};
			buildConfigurationList = D48580C32B85365F00542BCB /* Build configuration list for PBXProject "Beautiful Things" */;
			compatibilityVersion = "Xcode 14.0";
			developmentRegion = en;
			hasScannedForEncodings = 0;
			knownRegions = (
				en,
				Base,
			);
			mainGroup = D48580BF2B85365F00542BCB;
			packageReferences = (
				D4267D5F2B853E7C005D35D9 /* XCRemoteSwiftPackageReference "SwiftSoup" */,
			);
			productRefGroup = D48580C92B85365F00542BCB /* Products */;
			projectDirPath = "";
			projectRoot = "";
			targets = (
				D48580C72B85365F00542BCB /* Beautiful Things */,
			);
		};
/* End PBXProject section */

/* Begin PBXResourcesBuildPhase section */
		D48580C62B85365F00542BCB /* Resources */ = {
			isa = PBXResourcesBuildPhase;
			buildActionMask = 2147483647;
			files = (
				D48580D82B85366000542BCB /* Assets.xcassets in Resources */,
				D4267DA12B86C10D005D35D9 /* robot_walk_idle.usdz in Resources */,
				D48580DB2B85366000542BCB /* Preview Assets.xcassets in Resources */,
				D48580D62B85365F00542BCB /* ImageBasedLighting.skybox in Resources */,
			);
			runOnlyForDeploymentPostprocessing = 0;
		};
/* End PBXResourcesBuildPhase section */

/* Begin PBXSourcesBuildPhase section */
		D48580C42B85365F00542BCB /* Sources */ = {
			isa = PBXSourcesBuildPhase;
			buildActionMask = 2147483647;
			files = (
				D4267D9B2B8697BA005D35D9 /* ARQLView.swift in Sources */,
				D4B70AA02B87D7C000419269 /* SearchView.swift in Sources */,
				D4B70A9E2B87D77C00419269 /* MainView.swift in Sources */,
				D4267D942B85836B005D35D9 /* DataFetcher.swift in Sources */,
				D4267D5E2B853B48005D35D9 /* DataModel.swift in Sources */,
				D4267D902B8573BE005D35D9 /* SafariView.swift in Sources */,
				D48580D22B85365F00542BCB /* ContentView.swift in Sources */,
				D4267D962B858FBC005D35D9 /* LovedView.swift in Sources */,
				D48580D02B85365F00542BCB /* Beautiful_ThingsApp.swift in Sources */,
				D4267D982B8662EC005D35D9 /* WebView.swift in Sources */,
				D4267D9D2B86BC43005D35D9 /* TestView.swift in Sources */,
				D4267D652B8542E9005D35D9 /* GridView.swift in Sources */,
				D48580E32B85388500542BCB /* NavigationView.swift in Sources */,
				D4267D892B85697E005D35D9 /* PreviewItem.swift in Sources */,
				D4267D922B8578DC005D35D9 /* AppModel.swift in Sources */,
				D4267D8D2B856B9B005D35D9 /* PreviewItemDataSource.swift in Sources */,
				D4267D632B85404F005D35D9 /* CardView.swift in Sources */,
				D4267D8B2B85699F005D35D9 /* QLPreviewControllerWrapper.swift in Sources */,
				D48580D42B85365F00542BCB /* ImmersiveView.swift in Sources */,
			);
			runOnlyForDeploymentPostprocessing = 0;
		};
/* End PBXSourcesBuildPhase section */

/* Begin XCBuildConfiguration section */
		D48580DD2B85366000542BCB /* Debug */ = {
			isa = XCBuildConfiguration;
			buildSettings = {
				ALWAYS_SEARCH_USER_PATHS = NO;
				ASSETCATALOG_COMPILER_GENERATE_SWIFT_ASSET_SYMBOL_EXTENSIONS = YES;
				CLANG_ANALYZER_NONNULL = YES;
				CLANG_ANALYZER_NUMBER_OBJECT_CONVERSION = YES_AGGRESSIVE;
				CLANG_CXX_LANGUAGE_STANDARD = "gnu++20";
				CLANG_ENABLE_MODULES = YES;
				CLANG_ENABLE_OBJC_ARC = YES;
				CLANG_ENABLE_OBJC_WEAK = YES;
				CLANG_WARN_BLOCK_CAPTURE_AUTORELEASING = YES;
				CLANG_WARN_BOOL_CONVERSION = YES;
				CLANG_WARN_COMMA = YES;
				CLANG_WARN_CONSTANT_CONVERSION = YES;
				CLANG_WARN_DEPRECATED_OBJC_IMPLEMENTATIONS = YES;
				CLANG_WARN_DIRECT_OBJC_ISA_USAGE = YES_ERROR;
				CLANG_WARN_DOCUMENTATION_COMMENTS = YES;
				CLANG_WARN_EMPTY_BODY = YES;
				CLANG_WARN_ENUM_CONVERSION = YES;
				CLANG_WARN_INFINITE_RECURSION = YES;
				CLANG_WARN_INT_CONVERSION = YES;
				CLANG_WARN_NON_LITERAL_NULL_CONVERSION = YES;
				CLANG_WARN_OBJC_IMPLICIT_RETAIN_SELF = YES;
				CLANG_WARN_OBJC_LITERAL_CONVERSION = YES;
				CLANG_WARN_OBJC_ROOT_CLASS = YES_ERROR;
				CLANG_WARN_QUOTED_INCLUDE_IN_FRAMEWORK_HEADER = YES;
				CLANG_WARN_RANGE_LOOP_ANALYSIS = YES;
				CLANG_WARN_STRICT_PROTOTYPES = YES;
				CLANG_WARN_SUSPICIOUS_MOVE = YES;
				CLANG_WARN_UNGUARDED_AVAILABILITY = YES_AGGRESSIVE;
				CLANG_WARN_UNREACHABLE_CODE = YES;
				CLANG_WARN__DUPLICATE_METHOD_MATCH = YES;
				COPY_PHASE_STRIP = NO;
				DEBUG_INFORMATION_FORMAT = dwarf;
				ENABLE_STRICT_OBJC_MSGSEND = YES;
				ENABLE_TESTABILITY = YES;
				ENABLE_USER_SCRIPT_SANDBOXING = YES;
				GCC_C_LANGUAGE_STANDARD = gnu17;
				GCC_DYNAMIC_NO_PIC = NO;
				GCC_NO_COMMON_BLOCKS = YES;
				GCC_OPTIMIZATION_LEVEL = 0;
				GCC_PREPROCESSOR_DEFINITIONS = (
					"DEBUG=1",
					"$(inherited)",
				);
				GCC_WARN_64_TO_32_BIT_CONVERSION = YES;
				GCC_WARN_ABOUT_RETURN_TYPE = YES_ERROR;
				GCC_WARN_UNDECLARED_SELECTOR = YES;
				GCC_WARN_UNINITIALIZED_AUTOS = YES_AGGRESSIVE;
				GCC_WARN_UNUSED_FUNCTION = YES;
				GCC_WARN_UNUSED_VARIABLE = YES;
				LOCALIZATION_PREFERS_STRING_CATALOGS = YES;
				MTL_ENABLE_DEBUG_INFO = INCLUDE_SOURCE;
				MTL_FAST_MATH = YES;
				ONLY_ACTIVE_ARCH = YES;
				SDKROOT = xros;
				SWIFT_ACTIVE_COMPILATION_CONDITIONS = "DEBUG $(inherited)";
				SWIFT_OPTIMIZATION_LEVEL = "-Onone";
				XROS_DEPLOYMENT_TARGET = 1.0;
			};
			name = Debug;
		};
		D48580DE2B85366000542BCB /* Release */ = {
			isa = XCBuildConfiguration;
			buildSettings = {
				ALWAYS_SEARCH_USER_PATHS = NO;
				ASSETCATALOG_COMPILER_GENERATE_SWIFT_ASSET_SYMBOL_EXTENSIONS = YES;
				CLANG_ANALYZER_NONNULL = YES;
				CLANG_ANALYZER_NUMBER_OBJECT_CONVERSION = YES_AGGRESSIVE;
				CLANG_CXX_LANGUAGE_STANDARD = "gnu++20";
				CLANG_ENABLE_MODULES = YES;
				CLANG_ENABLE_OBJC_ARC = YES;
				CLANG_ENABLE_OBJC_WEAK = YES;
				CLANG_WARN_BLOCK_CAPTURE_AUTORELEASING = YES;
				CLANG_WARN_BOOL_CONVERSION = YES;
				CLANG_WARN_COMMA = YES;
				CLANG_WARN_CONSTANT_CONVERSION = YES;
				CLANG_WARN_DEPRECATED_OBJC_IMPLEMENTATIONS = YES;
				CLANG_WARN_DIRECT_OBJC_ISA_USAGE = YES_ERROR;
				CLANG_WARN_DOCUMENTATION_COMMENTS = YES;
				CLANG_WARN_EMPTY_BODY = YES;
				CLANG_WARN_ENUM_CONVERSION = YES;
				CLANG_WARN_INFINITE_RECURSION = YES;
				CLANG_WARN_INT_CONVERSION = YES;
				CLANG_WARN_NON_LITERAL_NULL_CONVERSION = YES;
				CLANG_WARN_OBJC_IMPLICIT_RETAIN_SELF = YES;
				CLANG_WARN_OBJC_LITERAL_CONVERSION = YES;
				CLANG_WARN_OBJC_ROOT_CLASS = YES_ERROR;
				CLANG_WARN_QUOTED_INCLUDE_IN_FRAMEWORK_HEADER = YES;
				CLANG_WARN_RANGE_LOOP_ANALYSIS = YES;
				CLANG_WARN_STRICT_PROTOTYPES = YES;
				CLANG_WARN_SUSPICIOUS_MOVE = YES;
				CLANG_WARN_UNGUARDED_AVAILABILITY = YES_AGGRESSIVE;
				CLANG_WARN_UNREACHABLE_CODE = YES;
				CLANG_WARN__DUPLICATE_METHOD_MATCH = YES;
				COPY_PHASE_STRIP = NO;
				DEBUG_INFORMATION_FORMAT = "dwarf-with-dsym";
				ENABLE_NS_ASSERTIONS = NO;
				ENABLE_STRICT_OBJC_MSGSEND = YES;
				ENABLE_USER_SCRIPT_SANDBOXING = YES;
				GCC_C_LANGUAGE_STANDARD = gnu17;
				GCC_NO_COMMON_BLOCKS = YES;
				GCC_WARN_64_TO_32_BIT_CONVERSION = YES;
				GCC_WARN_ABOUT_RETURN_TYPE = YES_ERROR;
				GCC_WARN_UNDECLARED_SELECTOR = YES;
				GCC_WARN_UNINITIALIZED_AUTOS = YES_AGGRESSIVE;
				GCC_WARN_UNUSED_FUNCTION = YES;
				GCC_WARN_UNUSED_VARIABLE = YES;
				LOCALIZATION_PREFERS_STRING_CATALOGS = YES;
				MTL_ENABLE_DEBUG_INFO = NO;
				MTL_FAST_MATH = YES;
				SDKROOT = xros;
				SWIFT_COMPILATION_MODE = wholemodule;
				VALIDATE_PRODUCT = YES;
				XROS_DEPLOYMENT_TARGET = 1.0;
			};
			name = Release;
		};
		D48580E02B85366000542BCB /* Debug */ = {
			isa = XCBuildConfiguration;
			buildSettings = {
				ASSETCATALOG_COMPILER_APPICON_NAME = AppIcon;
				ASSETCATALOG_COMPILER_GLOBAL_ACCENT_COLOR_NAME = AccentColor;
				CODE_SIGN_STYLE = Automatic;
				CURRENT_PROJECT_VERSION = 1;
				DEVELOPMENT_ASSET_PATHS = "\"Beautiful Things/Preview Content\"";
				DEVELOPMENT_TEAM = 79K6CBNA77;
				ENABLE_PREVIEWS = YES;
				GENERATE_INFOPLIST_FILE = YES;
				INFOPLIST_FILE = "$(TARGET_NAME)/Info.plist";
				INFOPLIST_KEY_CFBundleDisplayName = "Beautiful Things";
				LD_RUNPATH_SEARCH_PATHS = (
					"$(inherited)",
					"@executable_path/Frameworks",
				);
				MARKETING_VERSION = 1.0;
				PRODUCT_BUNDLE_IDENTIFIER = "com.augmenos.Beautiful-Things";
				PRODUCT_NAME = "$(TARGET_NAME)";
				SUPPORTED_PLATFORMS = "xros xrsimulator";
				SWIFT_EMIT_LOC_STRINGS = YES;
				SWIFT_VERSION = 5.0;
				TARGETED_DEVICE_FAMILY = "1,2,7";
			};
			name = Debug;
		};
		D48580E12B85366000542BCB /* Release */ = {
			isa = XCBuildConfiguration;
			buildSettings = {
				ASSETCATALOG_COMPILER_APPICON_NAME = AppIcon;
				ASSETCATALOG_COMPILER_GLOBAL_ACCENT_COLOR_NAME = AccentColor;
				CODE_SIGN_STYLE = Automatic;
				CURRENT_PROJECT_VERSION = 1;
				DEVELOPMENT_ASSET_PATHS = "\"Beautiful Things/Preview Content\"";
				DEVELOPMENT_TEAM = 79K6CBNA77;
				ENABLE_PREVIEWS = YES;
				GENERATE_INFOPLIST_FILE = YES;
				INFOPLIST_FILE = "$(TARGET_NAME)/Info.plist";
				INFOPLIST_KEY_CFBundleDisplayName = "Beautiful Things";
				LD_RUNPATH_SEARCH_PATHS = (
					"$(inherited)",
					"@executable_path/Frameworks",
				);
				MARKETING_VERSION = 1.0;
				PRODUCT_BUNDLE_IDENTIFIER = "com.augmenos.Beautiful-Things";
				PRODUCT_NAME = "$(TARGET_NAME)";
				SUPPORTED_PLATFORMS = "xros xrsimulator";
				SWIFT_EMIT_LOC_STRINGS = YES;
				SWIFT_VERSION = 5.0;
				TARGETED_DEVICE_FAMILY = "1,2,7";
			};
			name = Release;
		};
/* End XCBuildConfiguration section */

/* Begin XCConfigurationList section */
		D48580C32B85365F00542BCB /* Build configuration list for PBXProject "Beautiful Things" */ = {
			isa = XCConfigurationList;
			buildConfigurations = (
				D48580DD2B85366000542BCB /* Debug */,
				D48580DE2B85366000542BCB /* Release */,
			);
			defaultConfigurationIsVisible = 0;
			defaultConfigurationName = Release;
		};
		D48580DF2B85366000542BCB /* Build configuration list for PBXNativeTarget "Beautiful Things" */ = {
			isa = XCConfigurationList;
			buildConfigurations = (
				D48580E02B85366000542BCB /* Debug */,
				D48580E12B85366000542BCB /* Release */,
			);
			defaultConfigurationIsVisible = 0;
			defaultConfigurationName = Release;
		};
/* End XCConfigurationList section */

/* Begin XCRemoteSwiftPackageReference section */
		D4267D5F2B853E7C005D35D9 /* XCRemoteSwiftPackageReference "SwiftSoup" */ = {
			isa = XCRemoteSwiftPackageReference;
			repositoryURL = "https://github.com/scinfu/SwiftSoup";
			requirement = {
				kind = upToNextMajorVersion;
				minimumVersion = 2.7.1;
			};
		};
/* End XCRemoteSwiftPackageReference section */

/* Begin XCSwiftPackageProductDependency section */
		D4267D602B853E7C005D35D9 /* SwiftSoup */ = {
			isa = XCSwiftPackageProductDependency;
			package = D4267D5F2B853E7C005D35D9 /* XCRemoteSwiftPackageReference "SwiftSoup" */;
			productName = SwiftSoup;
		};
		D48580CD2B85365F00542BCB /* RealityKitContent */ = {
			isa = XCSwiftPackageProductDependency;
			productName = RealityKitContent;
		};
/* End XCSwiftPackageProductDependency section */
	};
	rootObject = D48580C02B85365F00542BCB /* Project object */;
}
